
Microsoft Visual Studio Solution File, Format Version 12.00
# Visual Studio Version 16
VisualStudioVersion = 16.0.31105.61
MinimumVisualStudioVersion = 10.0.40219.1
Project("{9A19103F-16F7-4668-BE54-9A1E7A4F7556}") = "ProductImporter", "ProductImporter\ProductImporter.csproj", "{178D0926-4D5E-4034-B4DD-67E9D3C0F08D}"
EndProject
Project("{FAE04EC0-301F-11D3-BF4B-00C04F79EFBC}") = "Domain", "Domain\Domain.csproj", "{94679844-974C-46E6-A709-B532E1E33E96}"
EndProject
Project("{FAE04EC0-301F-11D3-BF4B-00C04F79EFBC}") = "Application", "Application\Application.csproj", "{3C425879-8582-4215-B5B1-7DD4DD37E702}"
EndProject
Global
	GlobalSection(SolutionConfigurationPlatforms) = preSolution
		Debug|Any CPU = Debug|Any CPU
		Release|Any CPU = Release|Any CPU
	EndGlobalSection
	GlobalSection(ProjectConfigurationPlatforms) = postSolution
		{178D0926-4D5E-4034-B4DD-67E9D3C0F08D}.Debug|Any CPU.ActiveCfg = Debug|Any CPU
		{178D0926-4D5E-4034-B4DD-67E9D3C0F08D}.Debug|Any CPU.Build.0 = Debug|Any CPU
		{178D0926-4D5E-4034-B4DD-67E9D3C0F08D}.Release|Any CPU.ActiveCfg = Release|Any CPU
		{178D0926-4D5E-4034-B4DD-67E9D3C0F08D}.Release|Any CPU.Build.0 = Release|Any CPU
		{94679844-974C-46E6-A709-B532E1E33E96}.Debug|Any CPU.ActiveCfg = Debug|Any CPU
		{94679844-974C-46E6-A709-B532E1E33E96}.Debug|Any CPU.Build.0 = Debug|Any CPU
		{94679844-974C-46E6-A709-B532E1E33E96}.Release|Any CPU.ActiveCfg = Release|Any CPU
		{94679844-974C-46E6-A709-B532E1E33E96}.Release|Any CPU.Build.0 = Release|Any CPU
		{3C425879-8582-4215-B5B1-7DD4DD37E702}.Debug|Any CPU.ActiveCfg = Debug|Any CPU
		{3C425879-8582-4215-B5B1-7DD4DD37E702}.Debug|Any CPU.Build.0 = Debug|Any CPU
		{3C425879-8582-4215-B5B1-7DD4DD37E702}.Release|Any CPU.ActiveCfg = Release|Any CPU
		{3C425879-8582-4215-B5B1-7DD4DD37E702}.Release|Any CPU.Build.0 = Release|Any CPU
	EndGlobalSection
	GlobalSection(SolutionProperties) = preSolution
		HideSolutionNode = FALSE
	EndGlobalSection
	GlobalSection(ExtensibilityGlobals) = postSolution
		SolutionGuid = {BD8AF787-4817-4B38-BFA5-78394BFE5A9F}
	EndGlobalSection
EndGlobal
